{
  "name": "omega-banc-factures",
  "version": "1.0.0",
  "lockfileVersion": 3,
  "requires": true,
  "packages": {
    "": {
      "name": "omega-banc-factures",
      "version": "1.0.0",
      "dependencies": {
        "@fontsource/caveat": "^5.3.0",
        "@fontsource/patrick-hand": "^5.2.0",
        "@fontsource/reenie-beanie": "^5.2.0",
        "@pdf-lib/fontkit": "^1.1.1",
        "pdf-lib": "^1.17.1"
      }
    },
    "node_modules/@fontsource/caveat": {
      "version": "5.3.0",
      "resolved": "https://registry.npmjs.org/@fontsource/caveat/-/caveat-5.3.0.tgz",
      "integrity": "sha512-eHTfzQxFSW9ABERRLNruHoNJmKed2J7pqTUc5lp4a4POMgXGKpxmWj3d9Hz10kmAg6iuTTLe6UagbA4bnsmfQw==",
      "license": "OFL-1.1",
      "funding": {
        "url": "https://github.com/sponsors/ayuhito"
      }
    },
    "node_modules/@fontsource/patrick-hand": {
      "version": "5.3.0",
      "resolved": "https://registry.npmjs.org/@fontsource/patrick-hand/-/patrick-hand-5.3.0.tgz",
      "integrity": "sha512-V8C38IlIFfdWg0Xtri3F7sLCVpm069rUwn6w4n+oyn38gt7H4arOJmuReg3tAw1Q6jHqZp89wTnAAJagq4Atxw==",
      "license": "OFL-1.1",
      "funding": {
        "url": "https://github.com/sponsors/ayuhito"
      }
    },
    "node_modules/@fontsource/reenie-beanie": {
      "version": "5.3.0",
      "resolved": "https://registry.npmjs.org/@fontsource/reenie-beanie/-/reenie-beanie-5.3.0.tgz",
      "integrity": "sha512-PgEiqKdPCLlvdY2IMWMBdYyMdr1mo1zxVBRNFlo3gclnCz560iiyTTt0dU4/VIGnjhyAb3gSWIQL0qXnn5oaYw==",
      "license": "OFL-1.1",
      "funding": {
        "url": "https://github.com/sponsors/ayuhito"
      }
    },
    "node_modules/@pdf-lib/fontkit": {
      "version": "1.1.1",
      "resolved": "https://registry.npmjs.org/@pdf-lib/fontkit/-/fontkit-1.1.1.tgz",
      "integrity": "sha512-KjMd7grNapIWS/Dm0gvfHEilSyAmeLvrEGVcqLGi0VYebuqqzTbgF29efCx7tvx+IEbG3zQciRSWl3GkUSvjZg==",
      "license": "MIT",
      "dependencies": {
        "pako": "^1.0.6"
      }
    },
    "node_modules/@pdf-lib/standard-fonts": {
      "version": "1.0.0",
      "resolved": "https://registry.npmjs.org/@pdf-lib/standard-fonts/-/standard-fonts-1.0.0.tgz",
      "integrity": "sha512-hU30BK9IUN/su0Mn9VdlVKsWBS6GyhVfqjwl1FjZN4TxP6cCw0jP2w7V3Hf5uX7M0AZJ16vey9yE0ny7Sa59ZA==",
      "license": "MIT",
      "dependencies": {
        "pako": "^1.0.6"
      }
    },
    "node_modules/@pdf-lib/upng": {
      "version": "1.0.1",
      "resolved": "https://registry.npmjs.org/@pdf-lib/upng/-/upng-1.0.1.tgz",
      "integrity": "sha512-dQK2FUMQtowVP00mtIksrlZhdFXQZPC+taih1q4CvPZ5vqdxR/LKBaFg0oAfzd1GlHZXXSPdQfzQnt+ViGvEIQ==",
      "license": "MIT",
      "dependencies": {
        "pako": "^1.0.10"
      }
    },
    "node_modules/pako": {
      "version": "1.0.11",
      "resolved": "https://registry.npmjs.org/pako/-/pako-1.0.11.tgz",
      "integrity": "sha512-4hLB8Py4zZce5s4yd9XzopqwVv/yGNhV1Bl8NTmCq1763HeK2+EwVTv+leGeL13Dnh2wfbqowVPXCIO0z4taYw==",
      "license": "(MIT AND Zlib)"
    },
    "node_modules/pdf-lib": {
      "version": "1.17.1",
      "resolved": "https://registry.npmjs.org/pdf-lib/-/pdf-lib-1.17.1.tgz",
      "integrity": "sha512-V/mpyJAoTsN4cnP31vc0wfNA1+p20evqqnap0KLoRUN0Yk/p3wN52DOEsL4oBFcLdb76hlpKPtzJIgo67j/XLw==",
      "license": "MIT",
      "dependencies": {
        "@pdf-lib/standard-fonts": "^1.0.0",
        "@pdf-lib/upng": "^1.0.1",
        "pako": "^1.0.11",
        "tslib": "^1.11.1"
      }
    },
    "node_modules/tslib": {
      "version": "1.14.1",
      "resolved": "https://registry.npmjs.org/tslib/-/tslib-1.14.1.tgz",
      "integrity": "sha512-Xni35NKzjgMrwevysHTCArtLDpPvye8zV/0E4EyYn43P7/7qvQwPh9BGkHewbMulVntbigmcT7rdX3BNo9wRJg==",
      "license": "0BSD"
    }
  }
}
